// !$*UTF8*$!
{
	archiveVersion = 1;
	classes = {
	};
	objectVersion = 56;
	objects = {

/* Begin PBXBuildFile section */
		4C3F252D2AF6119F0000D759 /* ActiveNowView.swift in Sources */ = {isa = PBXBuildFile; fileRef = 4C3F252C2AF6119F0000D759 /* ActiveNowView.swift */; };
		4C3F25302AF611CC0000D759 /* Loginview.swift in Sources */ = {isa = PBXBuildFile; fileRef = 4C3F252F2AF611CC0000D759 /* Loginview.swift */; };
		4C3F25322AF611ED0000D759 /* RegistrationView.swift in Sources */ = {isa = PBXBuildFile; fileRef = 4C3F25312AF611ED0000D759 /* RegistrationView.swift */; };
		4C3F25342AF612200000D759 /* InboxView.swift in Sources */ = {isa = PBXBuildFile; fileRef = 4C3F25332AF612200000D759 /* InboxView.swift */; };
		4C3F25362AF612360000D759 /* InboxRowView.swift in Sources */ = {isa = PBXBuildFile; fileRef = 4C3F25352AF612360000D759 /* InboxRowView.swift */; };
		4C3F25382AF6124C0000D759 /* NewMessageView.swift in Sources */ = {isa = PBXBuildFile; fileRef = 4C3F25372AF6124C0000D759 /* NewMessageView.swift */; };
		795DCD882AE219ED001C05F9 /* Colpo_e_ViaApp.swift in Sources */ = {isa = PBXBuildFile; fileRef = 795DCD872AE219ED001C05F9 /* Colpo_e_ViaApp.swift */; };
		795DCD8A2AE219ED001C05F9 /* ContentView.swift in Sources */ = {isa = PBXBuildFile; fileRef = 795DCD892AE219ED001C05F9 /* ContentView.swift */; };
		795DCD8C2AE21A03001C05F9 /* Assets.xcassets in Resources */ = {isa = PBXBuildFile; fileRef = 795DCD8B2AE21A03001C05F9 /* Assets.xcassets */; };
		795DCD8F2AE21A03001C05F9 /* Preview Assets.xcassets in Resources */ = {isa = PBXBuildFile; fileRef = 795DCD8E2AE21A03001C05F9 /* Preview Assets.xcassets */; };
/* End PBXBuildFile section */

/* Begin PBXFileReference section */
		4C3F252C2AF6119F0000D759 /* ActiveNowView.swift */ = {isa = PBXFileReference; lastKnownFileType = sourcecode.swift; path = ActiveNowView.swift; sourceTree = "<group>"; };
		4C3F252F2AF611CC0000D759 /* Loginview.swift */ = {isa = PBXFileReference; lastKnownFileType = sourcecode.swift; path = Loginview.swift; sourceTree = "<group>"; };
		4C3F25312AF611ED0000D759 /* RegistrationView.swift */ = {isa = PBXFileReference; lastKnownFileType = sourcecode.swift; path = RegistrationView.swift; sourceTree = "<group>"; };
		4C3F25332AF612200000D759 /* InboxView.swift */ = {isa = PBXFileReference; lastKnownFileType = sourcecode.swift; path = InboxView.swift; sourceTree = "<group>"; };
		4C3F25352AF612360000D759 /* InboxRowView.swift */ = {isa = PBXFileReference; lastKnownFileType = sourcecode.swift; path = InboxRowView.swift; sourceTree = "<group>"; };
		4C3F25372AF6124C0000D759 /* NewMessageView.swift */ = {isa = PBXFileReference; lastKnownFileType = sourcecode.swift; path = NewMessageView.swift; sourceTree = "<group>"; };
		795DCD842AE219ED001C05F9 /* Colpo e Via.app */ = {isa = PBXFileReference; explicitFileType = wrapper.application; includeInIndex = 0; path = "Colpo e Via.app"; sourceTree = BUILT_PRODUCTS_DIR; };
		795DCD872AE219ED001C05F9 /* Colpo_e_ViaApp.swift */ = {isa = PBXFileReference; lastKnownFileType = sourcecode.swift; path = Colpo_e_ViaApp.swift; sourceTree = "<group>"; };
		795DCD892AE219ED001C05F9 /* ContentView.swift */ = {isa = PBXFileReference; lastKnownFileType = sourcecode.swift; path = ContentView.swift; sourceTree = "<group>"; };
		795DCD8B2AE21A03001C05F9 /* Assets.xcassets */ = {isa = PBXFileReference; lastKnownFileType = folder.assetcatalog; path = Assets.xcassets; sourceTree = "<group>"; };
		795DCD8E2AE21A03001C05F9 /* Preview Assets.xcassets */ = {isa = PBXFileReference; lastKnownFileType = folder.assetcatalog; path = "Preview Assets.xcassets"; sourceTree = "<group>"; };
/* End PBXFileReference section */

/* Begin PBXFrameworksBuildPhase section */
		795DCD812AE219ED001C05F9 /* Frameworks */ = {
			isa = PBXFrameworksBuildPhase;
			buildActionMask = 2147483647;
			files = (
			);
			runOnlyForDeploymentPostprocessing = 0;
		};
/* End PBXFrameworksBuildPhase section */

/* Begin PBXGroup section */
		4C3F25212AF611210000D759 /* App */ = {
			isa = PBXGroup;
			children = (
				795DCD872AE219ED001C05F9 /* Colpo_e_ViaApp.swift */,
			);
			path = App;
			sourceTree = "<group>";
		};
		4C3F25222AF6112B0000D759 /* Extensions */ = {
			isa = PBXGroup;
			children = (
			);
			path = Extensions;
			sourceTree = "<group>";
		};
		4C3F25232AF611370000D759 /* Core */ = {
			isa = PBXGroup;
			children = (
				4C3F252A2AF611860000D759 /* ActiveNow */,
				4C3F25292AF611740000D759 /* Authentication */,
				4C3F25282AF6116E0000D759 /* Inbox */,
				4C3F25272AF611690000D759 /* Root */,
				4C3F25262AF6115D0000D759 /* NewMessage */,
			);
			path = Core;
			sourceTree = "<group>";
		};
		4C3F25242AF611420000D759 /* Model */ = {
			isa = PBXGroup;
			children = (
			);
			path = Model;
			sourceTree = "<group>";
		};
		4C3F25252AF6114B0000D759 /* Service */ = {
			isa = PBXGroup;
			children = (
			);
			path = Service;
			sourceTree = "<group>";
		};
		4C3F25262AF6115D0000D759 /* NewMessage */ = {
			isa = PBXGroup;
			children = (
				4C3F25372AF6124C0000D759 /* NewMessageView.swift */,
			);
			path = NewMessage;
			sourceTree = "<group>";
		};
		4C3F25272AF611690000D759 /* Root */ = {
			isa = PBXGroup;
			children = (
			);
			path = Root;
			sourceTree = "<group>";
		};
		4C3F25282AF6116E0000D759 /* Inbox */ = {
			isa = PBXGroup;
			children = (
				4C3F25332AF612200000D759 /* InboxView.swift */,
				4C3F25352AF612360000D759 /* InboxRowView.swift */,
			);
			path = Inbox;
			sourceTree = "<group>";
		};
		4C3F25292AF611740000D759 /* Authentication */ = {
			isa = PBXGroup;
			children = (
				4C3F252E2AF611BC0000D759 /* View */,
			);
			path = Authentication;
			sourceTree = "<group>";
		};
		4C3F252A2AF611860000D759 /* ActiveNow */ = {
			isa = PBXGroup;
			children = (
				4C3F252C2AF6119F0000D759 /* ActiveNowView.swift */,
			);
			path = ActiveNow;
			sourceTree = "<group>";
		};
		4C3F252E2AF611BC0000D759 /* View */ = {
			isa = PBXGroup;
			children = (
				4C3F252F2AF611CC0000D759 /* Loginview.swift */,
				4C3F25312AF611ED0000D759 /* RegistrationView.swift */,
			);
			path = View;
			sourceTree = "<group>";
		};
		795DCD7B2AE219ED001C05F9 = {
			isa = PBXGroup;
			children = (
				795DCD862AE219ED001C05F9 /* Colpo e Via */,
				795DCD852AE219ED001C05F9 /* Products */,
			);
			sourceTree = "<group>";
		};
		795DCD852AE219ED001C05F9 /* Products */ = {
			isa = PBXGroup;
			children = (
				795DCD842AE219ED001C05F9 /* Colpo e Via.app */,
			);
			name = Products;
			sourceTree = "<group>";
		};
		795DCD862AE219ED001C05F9 /* Colpo e Via */ = {
			isa = PBXGroup;
			children = (
				4C3F25222AF6112B0000D759 /* Extensions */,
				4C3F25212AF611210000D759 /* App */,
				4C3F25232AF611370000D759 /* Core */,
				4C3F25242AF611420000D759 /* Model */,
				4C3F25252AF6114B0000D759 /* Service */,
				795DCD892AE219ED001C05F9 /* ContentView.swift */,
				795DCD8B2AE21A03001C05F9 /* Assets.xcassets */,
				795DCD8D2AE21A03001C05F9 /* Preview Content */,
			);
			path = "Colpo e Via";
			sourceTree = "<group>";
		};
		795DCD8D2AE21A03001C05F9 /* Preview Content */ = {
			isa = PBXGroup;
			children = (
				795DCD8E2AE21A03001C05F9 /* Preview Assets.xcassets */,
			);
			path = "Preview Content";
			sourceTree = "<group>";
		};
/* End PBXGroup section */

/* Begin PBXNativeTarget section */
		795DCD832AE219ED001C05F9 /* Colpo e Via */ = {
			isa = PBXNativeTarget;
			buildConfigurationList = 795DCD922AE21A03001C05F9 /* Build configuration list for PBXNativeTarget "Colpo e Via" */;
			buildPhases = (
				795DCD802AE219ED001C05F9 /* Sources */,
				795DCD812AE219ED001C05F9 /* Frameworks */,
				795DCD822AE219ED001C05F9 /* Resources */,
			);
			buildRules = (
			);
			dependencies = (
			);
			name = "Colpo e Via";
			productName = "Colpo e Via";
			productReference = 795DCD842AE219ED001C05F9 /* Colpo e Via.app */;
			productType = "com.apple.product-type.application";
		};
/* End PBXNativeTarget section */

/* Begin PBXProject section */
		795DCD7C2AE219ED001C05F9 /* Project object */ = {
			isa = PBXProject;
			attributes = {
				BuildIndependentTargetsInParallel = 1;
				LastSwiftUpdateCheck = 1420;
				LastUpgradeCheck = 1420;
				TargetAttributes = {
					795DCD832AE219ED001C05F9 = {
						CreatedOnToolsVersion = 14.2;
					};
				};
			};
			buildConfigurationList = 795DCD7F2AE219ED001C05F9 /* Build configuration list for PBXProject "Colpo e Via" */;
			compatibilityVersion = "Xcode 14.0";
			developmentRegion = en;
			hasScannedForEncodings = 0;
			knownRegions = (
				en,
				Base,
			);
			mainGroup = 795DCD7B2AE219ED001C05F9;
			productRefGroup = 795DCD852AE219ED001C05F9 /* Products */;
			projectDirPath = "";
			projectRoot = "";
			targets = (
				795DCD832AE219ED001C05F9 /* Colpo e Via */,
			);
		};
/* End PBXProject section */

/* Begin PBXResourcesBuildPhase section */
		795DCD822AE219ED001C05F9 /* Resources */ = {
			isa = PBXResourcesBuildPhase;
			buildActionMask = 2147483647;
			files = (
				795DCD8F2AE21A03001C05F9 /* Preview Assets.xcassets in Resources */,
				795DCD8C2AE21A03001C05F9 /* Assets.xcassets in Resources */,
			);
			runOnlyForDeploymentPostprocessing = 0;
		};
/* End PBXResourcesBuildPhase section */

/* Begin PBXSourcesBuildPhase section */
		795DCD802AE219ED001C05F9 /* Sources */ = {
			isa = PBXSourcesBuildPhase;
			buildActionMask = 2147483647;
			files = (
				4C3F25362AF612360000D759 /* InboxRowView.swift in Sources */,
				4C3F25382AF6124C0000D759 /* NewMessageView.swift in Sources */,
				4C3F252D2AF6119F0000D759 /* ActiveNowView.swift in Sources */,
				4C3F25342AF612200000D759 /* InboxView.swift in Sources */,
				795DCD8A2AE219ED001C05F9 /* ContentView.swift in Sources */,
				4C3F25302AF611CC0000D759 /* Loginview.swift in Sources */,
				795DCD882AE219ED001C05F9 /* Colpo_e_ViaApp.swift in Sources */,
				4C3F25322AF611ED0000D759 /* RegistrationView.swift in Sources */,
			);
			runOnlyForDeploymentPostprocessing = 0;
		};
/* End PBXSourcesBuildPhase section */

/* Begin XCBuildConfiguration section */
		795DCD902AE21A03001C05F9 /* Debug */ = {
			isa = XCBuildConfiguration;
			buildSettings = {
				ALWAYS_SEARCH_USER_PATHS = NO;
				CLANG_ANALYZER_NONNULL = YES;
				CLANG_ANALYZER_NUMBER_OBJECT_CONVERSION = YES_AGGRESSIVE;
				CLANG_CXX_LANGUAGE_STANDARD = "gnu++20";
				CLANG_ENABLE_MODULES = YES;
				CLANG_ENABLE_OBJC_ARC = YES;
				CLANG_ENABLE_OBJC_WEAK = YES;
				CLANG_WARN_BLOCK_CAPTURE_AUTORELEASING = YES;
				CLANG_WARN_BOOL_CONVERSION = YES;
				CLANG_WARN_COMMA = YES;
				CLANG_WARN_CONSTANT_CONVERSION = YES;
				CLANG_WARN_DEPRECATED_OBJC_IMPLEMENTATIONS = YES;
				CLANG_WARN_DIRECT_OBJC_ISA_USAGE = YES_ERROR;
				CLANG_WARN_DOCUMENTATION_COMMENTS = YES;
				CLANG_WARN_EMPTY_BODY = YES;
				CLANG_WARN_ENUM_CONVERSION = YES;
				CLANG_WARN_INFINITE_RECURSION = YES;
				CLANG_WARN_INT_CONVERSION = YES;
				CLANG_WARN_NON_LITERAL_NULL_CONVERSION = YES;
				CLANG_WARN_OBJC_IMPLICIT_RETAIN_SELF = YES;
				CLANG_WARN_OBJC_LITERAL_CONVERSION = YES;
				CLANG_WARN_OBJC_ROOT_CLASS = YES_ERROR;
				CLANG_WARN_QUOTED_INCLUDE_IN_FRAMEWORK_HEADER = YES;
				CLANG_WARN_RANGE_LOOP_ANALYSIS = YES;
				CLANG_WARN_STRICT_PROTOTYPES = YES;
				CLANG_WARN_SUSPICIOUS_MOVE = YES;
				CLANG_WARN_UNGUARDED_AVAILABILITY = YES_AGGRESSIVE;
				CLANG_WARN_UNREACHABLE_CODE = YES;
				CLANG_WARN__DUPLICATE_METHOD_MATCH = YES;
				COPY_PHASE_STRIP = NO;
				DEBUG_INFORMATION_FORMAT = dwarf;
				ENABLE_STRICT_OBJC_MSGSEND = YES;
				ENABLE_TESTABILITY = YES;
				GCC_C_LANGUAGE_STANDARD = gnu11;
				GCC_DYNAMIC_NO_PIC = NO;
				GCC_NO_COMMON_BLOCKS = YES;
				GCC_OPTIMIZATION_LEVEL = 0;
				GCC_PREPROCESSOR_DEFINITIONS = (
					"DEBUG=1",
					"$(inherited)",
				);
				GCC_WARN_64_TO_32_BIT_CONVERSION = YES;
				GCC_WARN_ABOUT_RETURN_TYPE = YES_ERROR;
				GCC_WARN_UNDECLARED_SELECTOR = YES;
				GCC_WARN_UNINITIALIZED_AUTOS = YES_AGGRESSIVE;
				GCC_WARN_UNUSED_FUNCTION = YES;
				GCC_WARN_UNUSED_VARIABLE = YES;
				IPHONEOS_DEPLOYMENT_TARGET = 16.2;
				MTL_ENABLE_DEBUG_INFO = INCLUDE_SOURCE;
				MTL_FAST_MATH = YES;
				ONLY_ACTIVE_ARCH = YES;
				SDKROOT = iphoneos;
				SWIFT_ACTIVE_COMPILATION_CONDITIONS = DEBUG;
				SWIFT_OPTIMIZATION_LEVEL = "-Onone";
			};
			name = Debug;
		};
		795DCD912AE21A03001C05F9 /* Release */ = {
			isa = XCBuildConfiguration;
			buildSettings = {
				ALWAYS_SEARCH_USER_PATHS = NO;
				CLANG_ANALYZER_NONNULL = YES;
				CLANG_ANALYZER_NUMBER_OBJECT_CONVERSION = YES_AGGRESSIVE;
				CLANG_CXX_LANGUAGE_STANDARD = "gnu++20";
				CLANG_ENABLE_MODULES = YES;
				CLANG_ENABLE_OBJC_ARC = YES;
				CLANG_ENABLE_OBJC_WEAK = YES;
				CLANG_WARN_BLOCK_CAPTURE_AUTORELEASING = YES;
				CLANG_WARN_BOOL_CONVERSION = YES;
				CLANG_WARN_COMMA = YES;
				CLANG_WARN_CONSTANT_CONVERSION = YES;
				CLANG_WARN_DEPRECATED_OBJC_IMPLEMENTATIONS = YES;
				CLANG_WARN_DIRECT_OBJC_ISA_USAGE = YES_ERROR;
				CLANG_WARN_DOCUMENTATION_COMMENTS = YES;
				CLANG_WARN_EMPTY_BODY = YES;
				CLANG_WARN_ENUM_CONVERSION = YES;
				CLANG_WARN_INFINITE_RECURSION = YES;
				CLANG_WARN_INT_CONVERSION = YES;
				CLANG_WARN_NON_LITERAL_NULL_CONVERSION = YES;
				CLANG_WARN_OBJC_IMPLICIT_RETAIN_SELF = YES;
				CLANG_WARN_OBJC_LITERAL_CONVERSION = YES;
				CLANG_WARN_OBJC_ROOT_CLASS = YES_ERROR;
				CLANG_WARN_QUOTED_INCLUDE_IN_FRAMEWORK_HEADER = YES;
				CLANG_WARN_RANGE_LOOP_ANALYSIS = YES;
				CLANG_WARN_STRICT_PROTOTYPES = YES;
				CLANG_WARN_SUSPICIOUS_MOVE = YES;
				CLANG_WARN_UNGUARDED_AVAILABILITY = YES_AGGRESSIVE;
				CLANG_WARN_UNREACHABLE_CODE = YES;
				CLANG_WARN__DUPLICATE_METHOD_MATCH = YES;
				COPY_PHASE_STRIP = NO;
				DEBUG_INFORMATION_FORMAT = "dwarf-with-dsym";
				ENABLE_NS_ASSERTIONS = NO;
				ENABLE_STRICT_OBJC_MSGSEND = YES;
				GCC_C_LANGUAGE_STANDARD = gnu11;
				GCC_NO_COMMON_BLOCKS = YES;
				GCC_WARN_64_TO_32_BIT_CONVERSION = YES;
				GCC_WARN_ABOUT_RETURN_TYPE = YES_ERROR;
				GCC_WARN_UNDECLARED_SELECTOR = YES;
				GCC_WARN_UNINITIALIZED_AUTOS = YES_AGGRESSIVE;
				GCC_WARN_UNUSED_FUNCTION = YES;
				GCC_WARN_UNUSED_VARIABLE = YES;
				IPHONEOS_DEPLOYMENT_TARGET = 16.2;
				MTL_ENABLE_DEBUG_INFO = NO;
				MTL_FAST_MATH = YES;
				SDKROOT = iphoneos;
				SWIFT_COMPILATION_MODE = wholemodule;
				SWIFT_OPTIMIZATION_LEVEL = "-O";
				VALIDATE_PRODUCT = YES;
			};
			name = Release;
		};
		795DCD932AE21A03001C05F9 /* Debug */ = {
			isa = XCBuildConfiguration;
			buildSettings = {
				ASSETCATALOG_COMPILER_APPICON_NAME = AppIcon;
				ASSETCATALOG_COMPILER_GLOBAL_ACCENT_COLOR_NAME = AccentColor;
				CODE_SIGN_STYLE = Automatic;
				CURRENT_PROJECT_VERSION = 1;
				DEVELOPMENT_ASSET_PATHS = "\"Colpo e Via/Preview Content\"";
				ENABLE_PREVIEWS = YES;
				GENERATE_INFOPLIST_FILE = YES;
				INFOPLIST_KEY_UIApplicationSceneManifest_Generation = YES;
				INFOPLIST_KEY_UIApplicationSupportsIndirectInputEvents = YES;
				INFOPLIST_KEY_UILaunchScreen_Generation = YES;
				INFOPLIST_KEY_UISupportedInterfaceOrientations_iPad = "UIInterfaceOrientationPortrait UIInterfaceOrientationPortraitUpsideDown UIInterfaceOrientationLandscapeLeft UIInterfaceOrientationLandscapeRight";
				INFOPLIST_KEY_UISupportedInterfaceOrientations_iPhone = "UIInterfaceOrientationPortrait UIInterfaceOrientationLandscapeLeft UIInterfaceOrientationLandscapeRight";
				LD_RUNPATH_SEARCH_PATHS = (
					"$(inherited)",
					"@executable_path/Frameworks",
				);
				MARKETING_VERSION = 1.0;
				PRODUCT_BUNDLE_IDENTIFIER = "pe.cibertec.Colpo-e-Via";
				PRODUCT_NAME = "$(TARGET_NAME)";
				SWIFT_EMIT_LOC_STRINGS = YES;
				SWIFT_VERSION = 5.0;
				TARGETED_DEVICE_FAMILY = "1,2";
			};
			name = Debug;
		};
		795DCD942AE21A03001C05F9 /* Release */ = {
			isa = XCBuildConfiguration;
			buildSettings = {
				ASSETCATALOG_COMPILER_APPICON_NAME = AppIcon;
				ASSETCATALOG_COMPILER_GLOBAL_ACCENT_COLOR_NAME = AccentColor;
				CODE_SIGN_STYLE = Automatic;
				CURRENT_PROJECT_VERSION = 1;
				DEVELOPMENT_ASSET_PATHS = "\"Colpo e Via/Preview Content\"";
				ENABLE_PREVIEWS = YES;
				GENERATE_INFOPLIST_FILE = YES;
				INFOPLIST_KEY_UIApplicationSceneManifest_Generation = YES;
				INFOPLIST_KEY_UIApplicationSupportsIndirectInputEvents = YES;
				INFOPLIST_KEY_UILaunchScreen_Generation = YES;
				INFOPLIST_KEY_UISupportedInterfaceOrientations_iPad = "UIInterfaceOrientationPortrait UIInterfaceOrientationPortraitUpsideDown UIInterfaceOrientationLandscapeLeft UIInterfaceOrientationLandscapeRight";
				INFOPLIST_KEY_UISupportedInterfaceOrientations_iPhone = "UIInterfaceOrientationPortrait UIInterfaceOrientationLandscapeLeft UIInterfaceOrientationLandscapeRight";
				LD_RUNPATH_SEARCH_PATHS = (
					"$(inherited)",
					"@executable_path/Frameworks",
				);
				MARKETING_VERSION = 1.0;
				PRODUCT_BUNDLE_IDENTIFIER = "pe.cibertec.Colpo-e-Via";
				PRODUCT_NAME = "$(TARGET_NAME)";
				SWIFT_EMIT_LOC_STRINGS = YES;
				SWIFT_VERSION = 5.0;
				TARGETED_DEVICE_FAMILY = "1,2";
			};
			name = Release;
		};
/* End XCBuildConfiguration section */

/* Begin XCConfigurationList section */
		795DCD7F2AE219ED001C05F9 /* Build configuration list for PBXProject "Colpo e Via" */ = {
			isa = XCConfigurationList;
			buildConfigurations = (
				795DCD902AE21A03001C05F9 /* Debug */,
				795DCD912AE21A03001C05F9 /* Release */,
			);
			defaultConfigurationIsVisible = 0;
			defaultConfigurationName = Release;
		};
		795DCD922AE21A03001C05F9 /* Build configuration list for PBXNativeTarget "Colpo e Via" */ = {
			isa = XCConfigurationList;
			buildConfigurations = (
				795DCD932AE21A03001C05F9 /* Debug */,
				795DCD942AE21A03001C05F9 /* Release */,
			);
			defaultConfigurationIsVisible = 0;
			defaultConfigurationName = Release;
		};
/* End XCConfigurationList section */
	};
	rootObject = 795DCD7C2AE219ED001C05F9 /* Project object */;
}
